
Microsoft Visual Studio Solution File, Format Version 12.00
# Visual Studio Version 18
VisualStudioVersion = 18.3.11512.155
MinimumVisualStudioVersion = 10.0.40219.1
Project("{9A19103F-16F7-4668-BE54-9A1E7A4F7556}") = "Streetcode.WebApi", "Streetcode.WebApi\Streetcode.WebApi.csproj", "{CAA32FB4-F481-4748-BFCE-33B0DBF433E8}"
EndProject
Project("{9A19103F-16F7-4668-BE54-9A1E7A4F7556}") = "Streetcode.BLL", "Streetcode.BLL\Streetcode.BLL.csproj", "{00B8F392-B50C-45BF-8F19-E9BB802236D8}"
EndProject
Project("{9A19103F-16F7-4668-BE54-9A1E7A4F7556}") = "Streetcode.DAL", "Streetcode.DAL\Streetcode.DAL.csproj", "{C3DAEEB6-D8C9-4798-86BE-C599038160AD}"
EndProject
Project("{9A19103F-16F7-4668-BE54-9A1E7A4F7556}") = "Streetcode.XUnitTest", "Streetcode.XUnitTest\Streetcode.XUnitTest.csproj", "{4A219747-3751-4DB0-A1A5-0A31C6FD595D}"
EndProject
Project("{9A19103F-16F7-4668-BE54-9A1E7A4F7556}") = "_build", "..\build\_build.csproj", "{83F4B432-0F2E-4D2C-985E-9CC6E70F8377}"
EndProject
Project("{9A19103F-16F7-4668-BE54-9A1E7A4F7556}") = "Streetcode.XIntegrationTest", "Streetcode.XIntegrationTest\Streetcode.XIntegrationTest.csproj", "{F2345CDB-3BCB-4741-9A3E-CE45D9BDFE5E}"
EndProject
Project("{9A19103F-16F7-4668-BE54-9A1E7A4F7556}") = "DbUpdate", "DbUpdate\DbUpdate.csproj", "{525A61D2-EA8D-40B1-B47A-5C8B3F9FD629}"
EndProject
Project("{2150E333-8FDC-42A3-9474-1A3956D46DE8}") = "Solution Items", "Solution Items", "{95E863CE-C3B4-4DBC-8C15-957E63BA45B6}"
	ProjectSection(SolutionItems) = preProject
		.editorconfig = .editorconfig
	EndProjectSection
EndProject
Project("{2150E333-8FDC-42A3-9474-1A3956D46DE8}") = "Services", "Services", "{02EA681E-C7D8-13C7-8484-4AC65E1B71E8}"
EndProject
Project("{2150E333-8FDC-42A3-9474-1A3956D46DE8}") = "Streetcode.Auth", "Streetcode.Auth", "{F69E76E4-84F5-4D70-A52B-E588CCEE716B}"
EndProject
Project("{FAE04EC0-301F-11D3-BF4B-00C04F79EFBC}") = "Streetcode.Auth.DAL", "Streetcode.Auth.DAL\Streetcode.Auth.DAL.csproj", "{11CF45F8-1295-4850-A992-C4D75E723878}"
EndProject
Project("{FAE04EC0-301F-11D3-BF4B-00C04F79EFBC}") = "Streetcode.Auth.BLL", "Streetcode.Auth.BLL\Streetcode.Auth.BLL.csproj", "{7FCB14D3-7C7A-4BF0-B6D8-9063956C46E8}"
EndProject
Project("{FAE04EC0-301F-11D3-BF4B-00C04F79EFBC}") = "Streetcode.Auth.WebApi", "Streetcode.Auth.WebApi\Streetcode.Auth.WebApi.csproj", "{D89E738A-A455-4D17-9C9D-581AE177E5AC}"
EndProject
Project("{2150E333-8FDC-42A3-9474-1A3956D46DE8}") = "BuildingBlocks", "BuildingBlocks", "{7F5CBCE1-AD14-4C06-8939-B595C1B25B47}"
EndProject
Project("{FAE04EC0-301F-11D3-BF4B-00C04F79EFBC}") = "Streetcode.Shared", "Streetcode.Shared\Streetcode.Shared.csproj", "{00D85447-2B32-4B68-A4C2-1B467C42FD16}"
EndProject
Project("{FAE04EC0-301F-11D3-BF4B-00C04F79EFBC}") = "Streetcode.Auth.XUnitTest", "Streetcode.Auth.XUnitTest\Streetcode.Auth.XUnitTest.csproj", "{DF36FE52-8788-4490-8406-62132A7E6756}"
EndProject
Project("{FAE04EC0-301F-11D3-BF4B-00C04F79EFBC}") = "Streetcode.Resources", "Streetcode.Resources\Streetcode.Resources.csproj", "{42EC9582-F9D7-9F18-42AB-C0D335E17C5C}"
EndProject
Project("{2150E333-8FDC-42A3-9474-1A3956D46DE8}") = "Streetcode.Email", "Streetcode.Email", "{722B38C8-AA92-4391-8320-9CCBFCD6BBEF}"
EndProject
Project("{FAE04EC0-301F-11D3-BF4B-00C04F79EFBC}") = "Streetcode.Email.WebAPI", "Streetcode.Email.WebAPI\Streetcode.Email.WebAPI.csproj", "{F3953CBD-E8CE-40AA-A219-DED4518B6334}"
EndProject
Project("{FAE04EC0-301F-11D3-BF4B-00C04F79EFBC}") = "Streetcode.Email.BLL", "Streetcode.Email.BLL\Streetcode.Email.BLL.csproj", "{CC733440-BA59-431D-B9CC-BB2B7EC0091B}"
EndProject
Project("{FAE04EC0-301F-11D3-BF4B-00C04F79EFBC}") = "Streetcode.Email.DAL", "Streetcode.Email.DAL\Streetcode.Email.DAL.csproj", "{072870A2-8064-40E2-B5C5-BF90B33F36BC}"
EndProject
Project("{FAE04EC0-301F-11D3-BF4B-00C04F79EFBC}") = "Streetcode.Email.XUnitTest", "Streetcode.Email.XUnitTest\Streetcode.Email.XUnitTest.csproj", "{360844AB-D2B0-49B1-A500-EAFC0F8A7659}"
EndProject
Global
	GlobalSection(SolutionConfigurationPlatforms) = preSolution
		Debug|Any CPU = Debug|Any CPU
		Release|Any CPU = Release|Any CPU
	EndGlobalSection
	GlobalSection(ProjectConfigurationPlatforms) = postSolution
		{CAA32FB4-F481-4748-BFCE-33B0DBF433E8}.Debug|Any CPU.ActiveCfg = Debug|Any CPU
		{CAA32FB4-F481-4748-BFCE-33B0DBF433E8}.Debug|Any CPU.Build.0 = Debug|Any CPU
		{CAA32FB4-F481-4748-BFCE-33B0DBF433E8}.Release|Any CPU.ActiveCfg = Release|Any CPU
		{CAA32FB4-F481-4748-BFCE-33B0DBF433E8}.Release|Any CPU.Build.0 = Release|Any CPU
		{00B8F392-B50C-45BF-8F19-E9BB802236D8}.Debug|Any CPU.ActiveCfg = Debug|Any CPU
		{00B8F392-B50C-45BF-8F19-E9BB802236D8}.Debug|Any CPU.Build.0 = Debug|Any CPU
		{00B8F392-B50C-45BF-8F19-E9BB802236D8}.Release|Any CPU.ActiveCfg = Release|Any CPU
		{00B8F392-B50C-45BF-8F19-E9BB802236D8}.Release|Any CPU.Build.0 = Release|Any CPU
		{C3DAEEB6-D8C9-4798-86BE-C599038160AD}.Debug|Any CPU.ActiveCfg = Debug|Any CPU
		{C3DAEEB6-D8C9-4798-86BE-C599038160AD}.Debug|Any CPU.Build.0 = Debug|Any CPU
		{C3DAEEB6-D8C9-4798-86BE-C599038160AD}.Release|Any CPU.ActiveCfg = Release|Any CPU
		{C3DAEEB6-D8C9-4798-86BE-C599038160AD}.Release|Any CPU.Build.0 = Release|Any CPU
		{4A219747-3751-4DB0-A1A5-0A31C6FD595D}.Debug|Any CPU.ActiveCfg = Debug|Any CPU
		{4A219747-3751-4DB0-A1A5-0A31C6FD595D}.Debug|Any CPU.Build.0 = Debug|Any CPU
		{4A219747-3751-4DB0-A1A5-0A31C6FD595D}.Release|Any CPU.ActiveCfg = Release|Any CPU
		{4A219747-3751-4DB0-A1A5-0A31C6FD595D}.Release|Any CPU.Build.0 = Release|Any CPU
		{83F4B432-0F2E-4D2C-985E-9CC6E70F8377}.Debug|Any CPU.ActiveCfg = Debug|Any CPU
		{83F4B432-0F2E-4D2C-985E-9CC6E70F8377}.Release|Any CPU.ActiveCfg = Release|Any CPU
		{F2345CDB-3BCB-4741-9A3E-CE45D9BDFE5E}.Debug|Any CPU.ActiveCfg = Debug|Any CPU
		{F2345CDB-3BCB-4741-9A3E-CE45D9BDFE5E}.Debug|Any CPU.Build.0 = Debug|Any CPU
		{F2345CDB-3BCB-4741-9A3E-CE45D9BDFE5E}.Release|Any CPU.ActiveCfg = Release|Any CPU
		{F2345CDB-3BCB-4741-9A3E-CE45D9BDFE5E}.Release|Any CPU.Build.0 = Release|Any CPU
		{525A61D2-EA8D-40B1-B47A-5C8B3F9FD629}.Debug|Any CPU.ActiveCfg = Debug|Any CPU
		{525A61D2-EA8D-40B1-B47A-5C8B3F9FD629}.Debug|Any CPU.Build.0 = Debug|Any CPU
		{525A61D2-EA8D-40B1-B47A-5C8B3F9FD629}.Release|Any CPU.ActiveCfg = Release|Any CPU
		{525A61D2-EA8D-40B1-B47A-5C8B3F9FD629}.Release|Any CPU.Build.0 = Release|Any CPU
		{11CF45F8-1295-4850-A992-C4D75E723878}.Debug|Any CPU.ActiveCfg = Debug|Any CPU
		{11CF45F8-1295-4850-A992-C4D75E723878}.Debug|Any CPU.Build.0 = Debug|Any CPU
		{11CF45F8-1295-4850-A992-C4D75E723878}.Release|Any CPU.ActiveCfg = Release|Any CPU
		{11CF45F8-1295-4850-A992-C4D75E723878}.Release|Any CPU.Build.0 = Release|Any CPU
		{7FCB14D3-7C7A-4BF0-B6D8-9063956C46E8}.Debug|Any CPU.ActiveCfg = Debug|Any CPU
		{7FCB14D3-7C7A-4BF0-B6D8-9063956C46E8}.Debug|Any CPU.Build.0 = Debug|Any CPU
		{7FCB14D3-7C7A-4BF0-B6D8-9063956C46E8}.Release|Any CPU.ActiveCfg = Release|Any CPU
		{7FCB14D3-7C7A-4BF0-B6D8-9063956C46E8}.Release|Any CPU.Build.0 = Release|Any CPU
		{D89E738A-A455-4D17-9C9D-581AE177E5AC}.Debug|Any CPU.ActiveCfg = Debug|Any CPU
		{D89E738A-A455-4D17-9C9D-581AE177E5AC}.Debug|Any CPU.Build.0 = Debug|Any CPU
		{D89E738A-A455-4D17-9C9D-581AE177E5AC}.Release|Any CPU.ActiveCfg = Release|Any CPU
		{D89E738A-A455-4D17-9C9D-581AE177E5AC}.Release|Any CPU.Build.0 = Release|Any CPU
		{00D85447-2B32-4B68-A4C2-1B467C42FD16}.Debug|Any CPU.ActiveCfg = Debug|Any CPU
		{00D85447-2B32-4B68-A4C2-1B467C42FD16}.Debug|Any CPU.Build.0 = Debug|Any CPU
		{00D85447-2B32-4B68-A4C2-1B467C42FD16}.Release|Any CPU.ActiveCfg = Release|Any CPU
		{00D85447-2B32-4B68-A4C2-1B467C42FD16}.Release|Any CPU.Build.0 = Release|Any CPU
		{DF36FE52-8788-4490-8406-62132A7E6756}.Debug|Any CPU.ActiveCfg = Debug|Any CPU
		{DF36FE52-8788-4490-8406-62132A7E6756}.Debug|Any CPU.Build.0 = Debug|Any CPU
		{DF36FE52-8788-4490-8406-62132A7E6756}.Release|Any CPU.ActiveCfg = Release|Any CPU
		{DF36FE52-8788-4490-8406-62132A7E6756}.Release|Any CPU.Build.0 = Release|Any CPU
		{42EC9582-F9D7-9F18-42AB-C0D335E17C5C}.Debug|Any CPU.ActiveCfg = Debug|Any CPU
		{42EC9582-F9D7-9F18-42AB-C0D335E17C5C}.Debug|Any CPU.Build.0 = Debug|Any CPU
		{42EC9582-F9D7-9F18-42AB-C0D335E17C5C}.Release|Any CPU.ActiveCfg = Release|Any CPU
		{42EC9582-F9D7-9F18-42AB-C0D335E17C5C}.Release|Any CPU.Build.0 = Release|Any CPU
		{F3953CBD-E8CE-40AA-A219-DED4518B6334}.Debug|Any CPU.ActiveCfg = Debug|Any CPU
		{F3953CBD-E8CE-40AA-A219-DED4518B6334}.Debug|Any CPU.Build.0 = Debug|Any CPU
		{F3953CBD-E8CE-40AA-A219-DED4518B6334}.Release|Any CPU.ActiveCfg = Release|Any CPU
		{F3953CBD-E8CE-40AA-A219-DED4518B6334}.Release|Any CPU.Build.0 = Release|Any CPU
		{CC733440-BA59-431D-B9CC-BB2B7EC0091B}.Debug|Any CPU.ActiveCfg = Debug|Any CPU
		{CC733440-BA59-431D-B9CC-BB2B7EC0091B}.Debug|Any CPU.Build.0 = Debug|Any CPU
		{CC733440-BA59-431D-B9CC-BB2B7EC0091B}.Release|Any CPU.ActiveCfg = Release|Any CPU
		{CC733440-BA59-431D-B9CC-BB2B7EC0091B}.Release|Any CPU.Build.0 = Release|Any CPU
		{072870A2-8064-40E2-B5C5-BF90B33F36BC}.Debug|Any CPU.ActiveCfg = Debug|Any CPU
		{072870A2-8064-40E2-B5C5-BF90B33F36BC}.Debug|Any CPU.Build.0 = Debug|Any CPU
		{072870A2-8064-40E2-B5C5-BF90B33F36BC}.Release|Any CPU.ActiveCfg = Release|Any CPU
		{072870A2-8064-40E2-B5C5-BF90B33F36BC}.Release|Any CPU.Build.0 = Release|Any CPU
		{360844AB-D2B0-49B1-A500-EAFC0F8A7659}.Debug|Any CPU.ActiveCfg = Debug|Any CPU
		{360844AB-D2B0-49B1-A500-EAFC0F8A7659}.Debug|Any CPU.Build.0 = Debug|Any CPU
		{360844AB-D2B0-49B1-A500-EAFC0F8A7659}.Release|Any CPU.ActiveCfg = Release|Any CPU
		{360844AB-D2B0-49B1-A500-EAFC0F8A7659}.Release|Any CPU.Build.0 = Release|Any CPU
	EndGlobalSection
	GlobalSection(SolutionProperties) = preSolution
		HideSolutionNode = FALSE
	EndGlobalSection
	GlobalSection(NestedProjects) = preSolution
		{F69E76E4-84F5-4D70-A52B-E588CCEE716B} = {02EA681E-C7D8-13C7-8484-4AC65E1B71E8}
		{11CF45F8-1295-4850-A992-C4D75E723878} = {F69E76E4-84F5-4D70-A52B-E588CCEE716B}
		{7FCB14D3-7C7A-4BF0-B6D8-9063956C46E8} = {F69E76E4-84F5-4D70-A52B-E588CCEE716B}
		{D89E738A-A455-4D17-9C9D-581AE177E5AC} = {F69E76E4-84F5-4D70-A52B-E588CCEE716B}
		{00D85447-2B32-4B68-A4C2-1B467C42FD16} = {7F5CBCE1-AD14-4C06-8939-B595C1B25B47}
		{DF36FE52-8788-4490-8406-62132A7E6756} = {F69E76E4-84F5-4D70-A52B-E588CCEE716B}
		{722B38C8-AA92-4391-8320-9CCBFCD6BBEF} = {02EA681E-C7D8-13C7-8484-4AC65E1B71E8}
		{F3953CBD-E8CE-40AA-A219-DED4518B6334} = {722B38C8-AA92-4391-8320-9CCBFCD6BBEF}
		{CC733440-BA59-431D-B9CC-BB2B7EC0091B} = {722B38C8-AA92-4391-8320-9CCBFCD6BBEF}
		{072870A2-8064-40E2-B5C5-BF90B33F36BC} = {722B38C8-AA92-4391-8320-9CCBFCD6BBEF}
		{360844AB-D2B0-49B1-A500-EAFC0F8A7659} = {722B38C8-AA92-4391-8320-9CCBFCD6BBEF}
	EndGlobalSection
	GlobalSection(ExtensibilityGlobals) = postSolution
		SolutionGuid = {7D3D1FEF-DB8F-4A51-AD6E-0EE327AB534A}
	EndGlobalSection
EndGlobal
